<?xml version="1.0" encoding="UTF-8" standalone="yes" ?>
<CodeBlocks_project_file>
	<FileVersion major="1" minor="6" />
	<Project>
		<Option title="Cya" />
		<Option pch_mode="2" />
		<Option compiler="gcc" />
		<Build>
			<Target title="Debug">
				<Option output="bin/Debug/Cya" prefix_auto="1" extension_auto="1" />
				<Option object_output="obj/Debug/" />
				<Option type="1" />
				<Option compiler="gcc" />
				<Compiler>
					<Add option="-g" />
				</Compiler>
			</Target>
			<Target title="Release">
				<Option output="bin/Release/Cya" prefix_auto="1" extension_auto="1" />
				<Option object_output="obj/Release/" />
				<Option type="1" />
				<Option compiler="gcc" />
				<Compiler>
					<Add option="-O2" />
				</Compiler>
				<Linker>
					<Add option="-s" />
				</Linker>
			</Target>
		</Build>
		<Compiler>
			<Add option="-Wall" />
		</Compiler>
		<Unit filename="programa001.c">
			<Option compilerVar="CC" />
		</Unit>
		<Unit filename="programa002.c">
			<Option compilerVar="CC" />
		</Unit>
		<Unit filename="programa003.c">
			<Option compilerVar="CC" />
		</Unit>
		<Unit filename="programa004.c">
			<Option compilerVar="CC" />
		</Unit>
		<Unit filename="programa005.c">
			<Option compilerVar="CC" />
		</Unit>
		<Unit filename="programa006.c">
			<Option compilerVar="CC" />
		</Unit>
		<Unit filename="programa007.c">
			<Option compilerVar="CC" />
		</Unit>
		<Unit filename="programa008.c">
			<Option compilerVar="CC" />
		</Unit>
		<Unit filename="programa009.c">
			<Option compilerVar="CC" />
		</Unit>
		<Unit filename="programa010.c">
			<Option compilerVar="CC" />
		</Unit>
		<Unit filename="programa011.c">
			<Option compilerVar="CC" />
		</Unit>
		<Unit filename="programa012.c">
			<Option compilerVar="CC" />
		</Unit>
		<Unit filename="programa013.c">
			<Option compilerVar="CC" />
		</Unit>
		<Unit filename="programa014.c">
			<Option compilerVar="CC" />
		</Unit>
		<Unit filename="programa015.c">
			<Option compilerVar="CC" />
		</Unit>
		<Unit filename="programa016.c">
			<Option compilerVar="CC" />
		</Unit>
		<Unit filename="programa017.c">
			<Option compilerVar="CC" />
		</Unit>
		<Extensions>
			<lib_finder disable_auto="1" />
		</Extensions>
	</Project>
</CodeBlocks_project_file>
